{
  "canon": "alexkabchina-arch/workflow",
  "version": "v2026.09.30",
  "commit": "daaf9bdf1c24dc6aa7ae49e55c04f4d0e6ec33fd",
  "files": {
    ".claude/settings.base.json": "sha256:da36bff8f0f5c20b411c704e917adf832018b0ce9a6b257a54c312ab2dcd6bfc",
    ".claude/settings.json": "sha256:da36bff8f0f5c20b411c704e917adf832018b0ce9a6b257a54c312ab2dcd6bfc",
    "scripts/canon/check_lock.py": "sha256:a31c03c155df8377e54b2e6f173fbdd9eea56efba766ee8e947a18c04c1de015"
  }
}
